
Microsoft Visual Studio Solution File, Format Version 12.00
# Visual Studio 2012
Project("{FAE04EC0-301F-11D3-BF4B-00C04F79EFBC}") = "Beacons.iOS", "Beacons.iOS\Beacons.iOS.csproj", "{9891FC07-615B-4F11-A66A-26F8B0709DA2}"
EndProject
Project("{FAE04EC0-301F-11D3-BF4B-00C04F79EFBC}") = "Beacons.Droid", "Beacons.Droid\Beacons.Droid.csproj", "{74BA5F4C-21D2-4213-8433-6938AED96ED7}"
EndProject
Global
	GlobalSection(SolutionConfigurationPlatforms) = preSolution
		Debug|iPhoneSimulator = Debug|iPhoneSimulator
		Release|iPhone = Release|iPhone
		Release|iPhoneSimulator = Release|iPhoneSimulator
		Debug|iPhone = Debug|iPhone
	EndGlobalSection
	GlobalSection(ProjectConfigurationPlatforms) = postSolution
		{9891FC07-615B-4F11-A66A-26F8B0709DA2}.Debug|iPhoneSimulator.ActiveCfg = Debug|iPhoneSimulator
		{9891FC07-615B-4F11-A66A-26F8B0709DA2}.Debug|iPhoneSimulator.Build.0 = Debug|iPhoneSimulator
		{9891FC07-615B-4F11-A66A-26F8B0709DA2}.Release|iPhone.ActiveCfg = Release|iPhone
		{9891FC07-615B-4F11-A66A-26F8B0709DA2}.Release|iPhone.Build.0 = Release|iPhone
		{9891FC07-615B-4F11-A66A-26F8B0709DA2}.Release|iPhoneSimulator.ActiveCfg = Release|iPhoneSimulator
		{9891FC07-615B-4F11-A66A-26F8B0709DA2}.Release|iPhoneSimulator.Build.0 = Release|iPhoneSimulator
		{9891FC07-615B-4F11-A66A-26F8B0709DA2}.Debug|iPhone.ActiveCfg = Debug|iPhone
		{9891FC07-615B-4F11-A66A-26F8B0709DA2}.Debug|iPhone.Build.0 = Debug|iPhone
		{74BA5F4C-21D2-4213-8433-6938AED96ED7}.Debug|iPhoneSimulator.ActiveCfg = Debug|Any CPU
		{74BA5F4C-21D2-4213-8433-6938AED96ED7}.Debug|iPhoneSimulator.Build.0 = Debug|Any CPU
		{74BA5F4C-21D2-4213-8433-6938AED96ED7}.Release|iPhone.ActiveCfg = Release|Any CPU
		{74BA5F4C-21D2-4213-8433-6938AED96ED7}.Release|iPhone.Build.0 = Release|Any CPU
		{74BA5F4C-21D2-4213-8433-6938AED96ED7}.Release|iPhoneSimulator.ActiveCfg = Release|Any CPU
		{74BA5F4C-21D2-4213-8433-6938AED96ED7}.Release|iPhoneSimulator.Build.0 = Release|Any CPU
		{74BA5F4C-21D2-4213-8433-6938AED96ED7}.Debug|iPhone.ActiveCfg = Debug|Any CPU
		{74BA5F4C-21D2-4213-8433-6938AED96ED7}.Debug|iPhone.Build.0 = Debug|Any CPU
	EndGlobalSection
EndGlobal
